
Microsoft Visual Studio Solution File, Format Version 12.00
# Visual Studio Version 17
VisualStudioVersion = 17.12.35527.113 d17.12
MinimumVisualStudioVersion = 10.0.40219.1
Project("{FAE04EC0-301F-11D3-BF4B-00C04F79EFBC}") = "demo", "demo\demo.csproj", "{D225A594-9B6A-4A55-ACC5-A561649816EE}"
EndProject
Project("{FAE04EC0-301F-11D3-BF4B-00C04F79EFBC}") = "Answers", "Answers\Answers.csproj", "{E82785D9-26D7-4194-98D6-20D2FA88F8E5}"
EndProject
Global
	GlobalSection(SolutionConfigurationPlatforms) = preSolution
		Debug|Any CPU = Debug|Any CPU
		Release|Any CPU = Release|Any CPU
	EndGlobalSection
	GlobalSection(ProjectConfigurationPlatforms) = postSolution
		{D225A594-9B6A-4A55-ACC5-A561649816EE}.Debug|Any CPU.ActiveCfg = Debug|Any CPU
		{D225A594-9B6A-4A55-ACC5-A561649816EE}.Debug|Any CPU.Build.0 = Debug|Any CPU
		{D225A594-9B6A-4A55-ACC5-A561649816EE}.Release|Any CPU.ActiveCfg = Release|Any CPU
		{D225A594-9B6A-4A55-ACC5-A561649816EE}.Release|Any CPU.Build.0 = Release|Any CPU
		{E82785D9-26D7-4194-98D6-20D2FA88F8E5}.Debug|Any CPU.ActiveCfg = Debug|Any CPU
		{E82785D9-26D7-4194-98D6-20D2FA88F8E5}.Debug|Any CPU.Build.0 = Debug|Any CPU
		{E82785D9-26D7-4194-98D6-20D2FA88F8E5}.Release|Any CPU.ActiveCfg = Release|Any CPU
		{E82785D9-26D7-4194-98D6-20D2FA88F8E5}.Release|Any CPU.Build.0 = Release|Any CPU
	EndGlobalSection
	GlobalSection(SolutionProperties) = preSolution
		HideSolutionNode = FALSE
	EndGlobalSection
EndGlobal
